
Microsoft Visual Studio Solution File, Format Version 12.00
# Visual Studio Version 16
VisualStudioVersion = 16.0.30002.166
MinimumVisualStudioVersion = 10.0.40219.1
Project("{FAE04EC0-301F-11D3-BF4B-00C04F79EFBC}") = "SPFWebsite", "SPFWebsite\SPFWebsite.csproj", "{0515D373-D887-43A9-BDAC-4DAE0886D5CA}"
EndProject
Global
	GlobalSection(SolutionConfigurationPlatforms) = preSolution
		Debug|Any CPU = Debug|Any CPU
		Release|Any CPU = Release|Any CPU
	EndGlobalSection
	GlobalSection(ProjectConfigurationPlatforms) = postSolution
		{0515D373-D887-43A9-BDAC-4DAE0886D5CA}.Debug|Any CPU.ActiveCfg = Debug|Any CPU
		{0515D373-D887-43A9-BDAC-4DAE0886D5CA}.Debug|Any CPU.Build.0 = Debug|Any CPU
		{0515D373-D887-43A9-BDAC-4DAE0886D5CA}.Release|Any CPU.ActiveCfg = Release|Any CPU
		{0515D373-D887-43A9-BDAC-4DAE0886D5CA}.Release|Any CPU.Build.0 = Release|Any CPU
	EndGlobalSection
	GlobalSection(SolutionProperties) = preSolution
		HideSolutionNode = FALSE
	EndGlobalSection
	GlobalSection(ExtensibilityGlobals) = postSolution
		SolutionGuid = {9CF986C8-8556-463E-9E2D-1433D64469C3}
	EndGlobalSection
EndGlobal
